
Microsoft Visual Studio Solution File, Format Version 12.00
# Visual Studio Version 16
VisualStudioVersion = 16.0.31019.35
MinimumVisualStudioVersion = 10.0.40219.1
Project("{FAE04EC0-301F-11D3-BF4B-00C04F79EFBC}") = "2", "2\2.csproj", "{32B3AEF9-BC81-4107-A9E7-A0A04F85E347}"
EndProject
Global
	GlobalSection(SolutionConfigurationPlatforms) = preSolution
		Debug|Any CPU = Debug|Any CPU
		Release|Any CPU = Release|Any CPU
	EndGlobalSection
	GlobalSection(ProjectConfigurationPlatforms) = postSolution
		{32B3AEF9-BC81-4107-A9E7-A0A04F85E347}.Debug|Any CPU.ActiveCfg = Debug|Any CPU
		{32B3AEF9-BC81-4107-A9E7-A0A04F85E347}.Debug|Any CPU.Build.0 = Debug|Any CPU
		{32B3AEF9-BC81-4107-A9E7-A0A04F85E347}.Release|Any CPU.ActiveCfg = Release|Any CPU
		{32B3AEF9-BC81-4107-A9E7-A0A04F85E347}.Release|Any CPU.Build.0 = Release|Any CPU
	EndGlobalSection
	GlobalSection(SolutionProperties) = preSolution
		HideSolutionNode = FALSE
	EndGlobalSection
	GlobalSection(ExtensibilityGlobals) = postSolution
		SolutionGuid = {4DB3BA89-2CEA-4933-87F2-1F4870E17D3B}
	EndGlobalSection
EndGlobal
